
Microsoft Visual Studio Solution File, Format Version 12.00
# Visual Studio Version 16
VisualStudioVersion = 16.0.32630.194
MinimumVisualStudioVersion = 10.0.40219.1
Project("{FAE04EC0-301F-11D3-BF4B-00C04F79EFBC}") = "ToDoListCatalog", "ProductCatalog\ToDoListCatalog.csproj", "{C42AB40F-C5A2-475C-AA95-428C3B8588C1}"
EndProject
Project("{FAE04EC0-301F-11D3-BF4B-00C04F79EFBC}") = "DALClassLibrary", "DALClassLibrary\DALClassLibrary.csproj", "{4EAD3DBC-42A7-4D7C-A2EA-E93F210A5B00}"
EndProject
Project("{FAE04EC0-301F-11D3-BF4B-00C04F79EFBC}") = "BALClassLibrary", "BALClassLibrary\BALClassLibrary.csproj", "{7EE96383-7330-45D1-BBB9-0F5B174C07A5}"
EndProject
Project("{FAE04EC0-301F-11D3-BF4B-00C04F79EFBC}") = "UtilityClassLibrary", "UtilityClassLibrary\UtilityClassLibrary.csproj", "{664B63D5-BD64-48A1-B359-E843C61C9276}"
EndProject
Project("{FAE04EC0-301F-11D3-BF4B-00C04F79EFBC}") = "EntityClassLibrary", "EntityClassLibrary\EntityClassLibrary.csproj", "{8E4AB513-517A-4DA6-A092-7E6200BC93C8}"
EndProject
Global
	GlobalSection(SolutionConfigurationPlatforms) = preSolution
		Debug|Any CPU = Debug|Any CPU
		Release|Any CPU = Release|Any CPU
	EndGlobalSection
	GlobalSection(ProjectConfigurationPlatforms) = postSolution
		{C42AB40F-C5A2-475C-AA95-428C3B8588C1}.Debug|Any CPU.ActiveCfg = Debug|Any CPU
		{C42AB40F-C5A2-475C-AA95-428C3B8588C1}.Debug|Any CPU.Build.0 = Debug|Any CPU
		{C42AB40F-C5A2-475C-AA95-428C3B8588C1}.Release|Any CPU.ActiveCfg = Release|Any CPU
		{C42AB40F-C5A2-475C-AA95-428C3B8588C1}.Release|Any CPU.Build.0 = Release|Any CPU
		{4EAD3DBC-42A7-4D7C-A2EA-E93F210A5B00}.Debug|Any CPU.ActiveCfg = Debug|Any CPU
		{4EAD3DBC-42A7-4D7C-A2EA-E93F210A5B00}.Debug|Any CPU.Build.0 = Debug|Any CPU
		{4EAD3DBC-42A7-4D7C-A2EA-E93F210A5B00}.Release|Any CPU.ActiveCfg = Release|Any CPU
		{4EAD3DBC-42A7-4D7C-A2EA-E93F210A5B00}.Release|Any CPU.Build.0 = Release|Any CPU
		{7EE96383-7330-45D1-BBB9-0F5B174C07A5}.Debug|Any CPU.ActiveCfg = Debug|Any CPU
		{7EE96383-7330-45D1-BBB9-0F5B174C07A5}.Debug|Any CPU.Build.0 = Debug|Any CPU
		{7EE96383-7330-45D1-BBB9-0F5B174C07A5}.Release|Any CPU.ActiveCfg = Release|Any CPU
		{7EE96383-7330-45D1-BBB9-0F5B174C07A5}.Release|Any CPU.Build.0 = Release|Any CPU
		{664B63D5-BD64-48A1-B359-E843C61C9276}.Debug|Any CPU.ActiveCfg = Debug|Any CPU
		{664B63D5-BD64-48A1-B359-E843C61C9276}.Debug|Any CPU.Build.0 = Debug|Any CPU
		{664B63D5-BD64-48A1-B359-E843C61C9276}.Release|Any CPU.ActiveCfg = Release|Any CPU
		{664B63D5-BD64-48A1-B359-E843C61C9276}.Release|Any CPU.Build.0 = Release|Any CPU
		{8E4AB513-517A-4DA6-A092-7E6200BC93C8}.Debug|Any CPU.ActiveCfg = Debug|Any CPU
		{8E4AB513-517A-4DA6-A092-7E6200BC93C8}.Debug|Any CPU.Build.0 = Debug|Any CPU
		{8E4AB513-517A-4DA6-A092-7E6200BC93C8}.Release|Any CPU.ActiveCfg = Release|Any CPU
		{8E4AB513-517A-4DA6-A092-7E6200BC93C8}.Release|Any CPU.Build.0 = Release|Any CPU
	EndGlobalSection
	GlobalSection(SolutionProperties) = preSolution
		HideSolutionNode = FALSE
	EndGlobalSection
	GlobalSection(ExtensibilityGlobals) = postSolution
		EnterpriseLibraryConfigurationToolBinariesPathV6 = packages\EnterpriseLibrary.Common.6.0.1304.0\lib\NET45;packages\EnterpriseLibrary.Data.6.0.1304.0\lib\NET45
		SolutionGuid = {138F3CBB-805E-4C17-A926-33296DC1DF2A}
	EndGlobalSection
EndGlobal
